// !$*UTF8*$!
{
	archiveVersion = 1;
	classes = {
	};
	objectVersion = 46;
	objects = {

/* Begin PBXBuildFile section */
		6FAF07AE1ED95DC20011D600 /* main.m in Sources */ = {isa = PBXBuildFile; fileRef = 6FAF07AD1ED95DC20011D600 /* main.m */; };
		6FAF07B11ED95DC20011D600 /* AppDelegate.m in Sources */ = {isa = PBXBuildFile; fileRef = 6FAF07B01ED95DC20011D600 /* AppDelegate.m */; };
		6FAF07B41ED95DC20011D600 /* ViewController.m in Sources */ = {isa = PBXBuildFile; fileRef = 6FAF07B31ED95DC20011D600 /* ViewController.m */; };
		6FAF07B71ED95DC20011D600 /* Main.storyboard in Resources */ = {isa = PBXBuildFile; fileRef = 6FAF07B51ED95DC20011D600 /* Main.storyboard */; };
		6FAF07B91ED95DC20011D600 /* Assets.xcassets in Resources */ = {isa = PBXBuildFile; fileRef = 6FAF07B81ED95DC20011D600 /* Assets.xcassets */; };
		6FAF07BC1ED95DC20011D600 /* LaunchScreen.storyboard in Resources */ = {isa = PBXBuildFile; fileRef = 6FAF07BA1ED95DC20011D600 /* LaunchScreen.storyboard */; };
/* End PBXBuildFile section */

/* Begin PBXFileReference section */
		6FAF07A91ED95DC20011D600 /* CircleScroll.app */ = {isa = PBXFileReference; explicitFileType = wrapper.application; includeInIndex = 0; path = CircleScroll.app; sourceTree = BUILT_PRODUCTS_DIR; };
		6FAF07AD1ED95DC20011D600 /* main.m */ = {isa = PBXFileReference; lastKnownFileType = sourcecode.c.objc; path = main.m; sourceTree = "<group>"; };
		6FAF07AF1ED95DC20011D600 /* AppDelegate.h */ = {isa = PBXFileReference; lastKnownFileType = sourcecode.c.h; path = AppDelegate.h; sourceTree = "<group>"; };
		6FAF07B01ED95DC20011D600 /* AppDelegate.m */ = {isa = PBXFileReference; lastKnownFileType = sourcecode.c.objc; path = AppDelegate.m; sourceTree = "<group>"; };
		6FAF07B21ED95DC20011D600 /* ViewController.h */ = {isa = PBXFileReference; lastKnownFileType = sourcecode.c.h; path = ViewController.h; sourceTree = "<group>"; };
		6FAF07B31ED95DC20011D600 /* ViewController.m */ = {isa = PBXFileReference; lastKnownFileType = sourcecode.c.objc; path = ViewController.m; sourceTree = "<group>"; };
		6FAF07B61ED95DC20011D600 /* Base */ = {isa = PBXFileReference; lastKnownFileType = file.storyboard; name = Base; path = Base.lproj/Main.storyboard; sourceTree = "<group>"; };
		6FAF07B81ED95DC20011D600 /* Assets.xcassets */ = {isa = PBXFileReference; lastKnownFileType = folder.assetcatalog; path = Assets.xcassets; sourceTree = "<group>"; };
		6FAF07BB1ED95DC20011D600 /* Base */ = {isa = PBXFileReference; lastKnownFileType = file.storyboard; name = Base; path = Base.lproj/LaunchScreen.storyboard; sourceTree = "<group>"; };
		6FAF07BD1ED95DC20011D600 /* Info.plist */ = {isa = PBXFileReference; lastKnownFileType = text.plist.xml; path = Info.plist; sourceTree = "<group>"; };
/* End PBXFileReference section */

/* Begin PBXFrameworksBuildPhase section */
		6FAF07A61ED95DC20011D600 /* Frameworks */ = {
			isa = PBXFrameworksBuildPhase;
			buildActionMask = 2147483647;
			files = (
			);
			runOnlyForDeploymentPostprocessing = 0;
		};
/* End PBXFrameworksBuildPhase section */

/* Begin PBXGroup section */
		6FAF07A01ED95DC20011D600 = {
			isa = PBXGroup;
			children = (
				6FAF07AB1ED95DC20011D600 /* CircleScroll */,
				6FAF07AA1ED95DC20011D600 /* Products */,
			);
			sourceTree = "<group>";
		};
		6FAF07AA1ED95DC20011D600 /* Products */ = {
			isa = PBXGroup;
			children = (
				6FAF07A91ED95DC20011D600 /* CircleScroll.app */,
			);
			name = Products;
			sourceTree = "<group>";
		};
		6FAF07AB1ED95DC20011D600 /* CircleScroll */ = {
			isa = PBXGroup;
			children = (
				6FAF07AF1ED95DC20011D600 /* AppDelegate.h */,
				6FAF07B01ED95DC20011D600 /* AppDelegate.m */,
				6FAF07B21ED95DC20011D600 /* ViewController.h */,
				6FAF07B31ED95DC20011D600 /* ViewController.m */,
				6FAF07B51ED95DC20011D600 /* Main.storyboard */,
				6FAF07B81ED95DC20011D600 /* Assets.xcassets */,
				6FAF07BA1ED95DC20011D600 /* LaunchScreen.storyboard */,
				6FAF07BD1ED95DC20011D600 /* Info.plist */,
				6FAF07AC1ED95DC20011D600 /* Supporting Files */,
			);
			path = CircleScroll;
			sourceTree = "<group>";
		};
		6FAF07AC1ED95DC20011D600 /* Supporting Files */ = {
			isa = PBXGroup;
			children = (
				6FAF07AD1ED95DC20011D600 /* main.m */,
			);
			name = "Supporting Files";
			sourceTree = "<group>";
		};
/* End PBXGroup section */

/* Begin PBXNativeTarget section */
		6FAF07A81ED95DC20011D600 /* CircleScroll */ = {
			isa = PBXNativeTarget;
			buildConfigurationList = 6FAF07C01ED95DC20011D600 /* Build configuration list for PBXNativeTarget "CircleScroll" */;
			buildPhases = (
				6FAF07A51ED95DC20011D600 /* Sources */,
				6FAF07A61ED95DC20011D600 /* Frameworks */,
				6FAF07A71ED95DC20011D600 /* Resources */,
			);
			buildRules = (
			);
			dependencies = (
			);
			name = CircleScroll;
			productName = CircleScroll;
			productReference = 6FAF07A91ED95DC20011D600 /* CircleScroll.app */;
			productType = "com.apple.product-type.application";
		};
/* End PBXNativeTarget section */

/* Begin PBXProject section */
		6FAF07A11ED95DC20011D600 /* Project object */ = {
			isa = PBXProject;
			attributes = {
				LastUpgradeCheck = 0820;
				ORGANIZATIONNAME = XOX;
				TargetAttributes = {
					6FAF07A81ED95DC20011D600 = {
						CreatedOnToolsVersion = 8.2.1;
						ProvisioningStyle = Automatic;
					};
				};
			};
			buildConfigurationList = 6FAF07A41ED95DC20011D600 /* Build configuration list for PBXProject "CircleScroll" */;
			compatibilityVersion = "Xcode 3.2";
			developmentRegion = English;
			hasScannedForEncodings = 0;
			knownRegions = (
				en,
				Base,
			);
			mainGroup = 6FAF07A01ED95DC20011D600;
			productRefGroup = 6FAF07AA1ED95DC20011D600 /* Products */;
			projectDirPath = "";
			projectRoot = "";
			targets = (
				6FAF07A81ED95DC20011D600 /* CircleScroll */,
			);
		};
/* End PBXProject section */

/* Begin PBXResourcesBuildPhase section */
		6FAF07A71ED95DC20011D600 /* Resources */ = {
			isa = PBXResourcesBuildPhase;
			buildActionMask = 2147483647;
			files = (
				6FAF07BC1ED95DC20011D600 /* LaunchScreen.storyboard in Resources */,
				6FAF07B91ED95DC20011D600 /* Assets.xcassets in Resources */,
				6FAF07B71ED95DC20011D600 /* Main.storyboard in Resources */,
			);
			runOnlyForDeploymentPostprocessing = 0;
		};
/* End PBXResourcesBuildPhase section */

/* Begin PBXSourcesBuildPhase section */
		6FAF07A51ED95DC20011D600 /* Sources */ = {
			isa = PBXSourcesBuildPhase;
			buildActionMask = 2147483647;
			files = (
				6FAF07B41ED95DC20011D600 /* ViewController.m in Sources */,
				6FAF07B11ED95DC20011D600 /* AppDelegate.m in Sources */,
				6FAF07AE1ED95DC20011D600 /* main.m in Sources */,
			);
			runOnlyForDeploymentPostprocessing = 0;
		};
/* End PBXSourcesBuildPhase section */

/* Begin PBXVariantGroup section */
		6FAF07B51ED95DC20011D600 /* Main.storyboard */ = {
			isa = PBXVariantGroup;
			children = (
				6FAF07B61ED95DC20011D600 /* Base */,
			);
			name = Main.storyboard;
			sourceTree = "<group>";
		};
		6FAF07BA1ED95DC20011D600 /* LaunchScreen.storyboard */ = {
			isa = PBXVariantGroup;
			children = (
				6FAF07BB1ED95DC20011D600 /* Base */,
			);
			name = LaunchScreen.storyboard;
			sourceTree = "<group>";
		};
/* End PBXVariantGroup section */

/* Begin XCBuildConfiguration section */
		6FAF07BE1ED95DC20011D600 /* Debug */ = {
			isa = XCBuildConfiguration;
			buildSettings = {
				ALWAYS_SEARCH_USER_PATHS = NO;
				CLANG_ANALYZER_NONNULL = YES;
				CLANG_CXX_LANGUAGE_STANDARD = "gnu++0x";
				CLANG_CXX_LIBRARY = "libc++";
				CLANG_ENABLE_MODULES = YES;
				CLANG_ENABLE_OBJC_ARC = YES;
				CLANG_WARN_BOOL_CONVERSION = YES;
				CLANG_WARN_CONSTANT_CONVERSION = YES;
				CLANG_WARN_DIRECT_OBJC_ISA_USAGE = YES_ERROR;
				CLANG_WARN_DOCUMENTATION_COMMENTS = YES;
				CLANG_WARN_EMPTY_BODY = YES;
				CLANG_WARN_ENUM_CONVERSION = YES;
				CLANG_WARN_INFINITE_RECURSION = YES;
				CLANG_WARN_INT_CONVERSION = YES;
				CLANG_WARN_OBJC_ROOT_CLASS = YES_ERROR;
				CLANG_WARN_SUSPICIOUS_MOVE = YES;
				CLANG_WARN_UNREACHABLE_CODE = YES;
				CLANG_WARN__DUPLICATE_METHOD_MATCH = YES;
				"CODE_SIGN_IDENTITY[sdk=iphoneos*]" = "iPhone Developer";
				COPY_PHASE_STRIP = NO;
				DEBUG_INFORMATION_FORMAT = dwarf;
				ENABLE_STRICT_OBJC_MSGSEND = YES;
				ENABLE_TESTABILITY = YES;
				GCC_C_LANGUAGE_STANDARD = gnu99;
				GCC_DYNAMIC_NO_PIC = NO;
				GCC_NO_COMMON_BLOCKS = YES;
				GCC_OPTIMIZATION_LEVEL = 0;
				GCC_PREPROCESSOR_DEFINITIONS = (
					"DEBUG=1",
					"$(inherited)",
				);
				GCC_WARN_64_TO_32_BIT_CONVERSION = YES;
				GCC_WARN_ABOUT_RETURN_TYPE = YES_ERROR;
				GCC_WARN_UNDECLARED_SELECTOR = YES;
				GCC_WARN_UNINITIALIZED_AUTOS = YES_AGGRESSIVE;
				GCC_WARN_UNUSED_FUNCTION = YES;
				GCC_WARN_UNUSED_VARIABLE = YES;
				IPHONEOS_DEPLOYMENT_TARGET = 10.2;
				MTL_ENABLE_DEBUG_INFO = YES;
				ONLY_ACTIVE_ARCH = YES;
				SDKROOT = iphoneos;
			};
			name = Debug;
		};
		6FAF07BF1ED95DC20011D600 /* Release */ = {
			isa = XCBuildConfiguration;
			buildSettings = {
				ALWAYS_SEARCH_USER_PATHS = NO;
				CLANG_ANALYZER_NONNULL = YES;
				CLANG_CXX_LANGUAGE_STANDARD = "gnu++0x";
				CLANG_CXX_LIBRARY = "libc++";
				CLANG_ENABLE_MODULES = YES;
				CLANG_ENABLE_OBJC_ARC = YES;
				CLANG_WARN_BOOL_CONVERSION = YES;
				CLANG_WARN_CONSTANT_CONVERSION = YES;
				CLANG_WARN_DIRECT_OBJC_ISA_USAGE = YES_ERROR;
				CLANG_WARN_DOCUMENTATION_COMMENTS = YES;
				CLANG_WARN_EMPTY_BODY = YES;
				CLANG_WARN_ENUM_CONVERSION = YES;
				CLANG_WARN_INFINITE_RECURSION = YES;
				CLANG_WARN_INT_CONVERSION = YES;
				CLANG_WARN_OBJC_ROOT_CLASS = YES_ERROR;
				CLANG_WARN_SUSPICIOUS_MOVE = YES;
				CLANG_WARN_UNREACHABLE_CODE = YES;
				CLANG_WARN__DUPLICATE_METHOD_MATCH = YES;
				"CODE_SIGN_IDENTITY[sdk=iphoneos*]" = "iPhone Developer";
				COPY_PHASE_STRIP = NO;
				DEBUG_INFORMATION_FORMAT = "dwarf-with-dsym";
				ENABLE_NS_ASSERTIONS = NO;
				ENABLE_STRICT_OBJC_MSGSEND = YES;
				GCC_C_LANGUAGE_STANDARD = gnu99;
				GCC_NO_COMMON_BLOCKS = YES;
				GCC_WARN_64_TO_32_BIT_CONVERSION = YES;
				GCC_WARN_ABOUT_RETURN_TYPE = YES_ERROR;
				GCC_WARN_UNDECLARED_SELECTOR = YES;
				GCC_WARN_UNINITIALIZED_AUTOS = YES_AGGRESSIVE;
				GCC_WARN_UNUSED_FUNCTION = YES;
				GCC_WARN_UNUSED_VARIABLE = YES;
				IPHONEOS_DEPLOYMENT_TARGET = 10.2;
				MTL_ENABLE_DEBUG_INFO = NO;
				SDKROOT = iphoneos;
				VALIDATE_PRODUCT = YES;
			};
			name = Release;
		};
		6FAF07C11ED95DC20011D600 /* Debug */ = {
			isa = XCBuildConfiguration;
			buildSettings = {
				ASSETCATALOG_COMPILER_APPICON_NAME = AppIcon;
				INFOPLIST_FILE = CircleScroll/Info.plist;
				LD_RUNPATH_SEARCH_PATHS = "$(inherited) @executable_path/Frameworks";
				PRODUCT_BUNDLE_IDENTIFIER = XOX.CircleScroll;
				PRODUCT_NAME = "$(TARGET_NAME)";
			};
			name = Debug;
		};
		6FAF07C21ED95DC20011D600 /* Release */ = {
			isa = XCBuildConfiguration;
			buildSettings = {
				ASSETCATALOG_COMPILER_APPICON_NAME = AppIcon;
				INFOPLIST_FILE = CircleScroll/Info.plist;
				LD_RUNPATH_SEARCH_PATHS = "$(inherited) @executable_path/Frameworks";
				PRODUCT_BUNDLE_IDENTIFIER = XOX.CircleScroll;
				PRODUCT_NAME = "$(TARGET_NAME)";
			};
			name = Release;
		};
/* End XCBuildConfiguration section */

/* Begin XCConfigurationList section */
		6FAF07A41ED95DC20011D600 /* Build configuration list for PBXProject "CircleScroll" */ = {
			isa = XCConfigurationList;
			buildConfigurations = (
				6FAF07BE1ED95DC20011D600 /* Debug */,
				6FAF07BF1ED95DC20011D600 /* Release */,
			);
			defaultConfigurationIsVisible = 0;
			defaultConfigurationName = Release;
		};
		6FAF07C01ED95DC20011D600 /* Build configuration list for PBXNativeTarget "CircleScroll" */ = {
			isa = XCConfigurationList;
			buildConfigurations = (
				6FAF07C11ED95DC20011D600 /* Debug */,
				6FAF07C21ED95DC20011D600 /* Release */,
			);
			defaultConfigurationIsVisible = 0;
		};
/* End XCConfigurationList section */
	};
	rootObject = 6FAF07A11ED95DC20011D600 /* Project object */;
}
